{
  "name": "portfolio-manager",
  "lockfileVersion": 2,
  "requires": true,
  "packages": {
    "": {
      "dependencies": {
        "node-core-lib": "^0.11.11",
        "process": "^0.11.10"
      }
    },
    "node_modules/node-core-lib": {
      "version": "0.11.11",
      "resolved": "https://registry.npmjs.org/node-core-lib/-/node-core-lib-0.11.11.tgz",
      "integrity": "sha512-0qXLqCT7nyOdzylxKk9yKKlZyw+SCfJfAbviIrucOEnHmfQz4asBOB306alVEPAQSqgn65X1xlmr8Y8Po+1v7g=="
    },
    "node_modules/process": {
      "version": "0.11.10",
      "resolved": "https://registry.npmjs.org/process/-/process-0.11.10.tgz",
      "integrity": "sha512-cdGef/drWFoydD1JsMzuFf8100nZl+GT+yacc2bEced5f9Rjk4z+WtFUTBu9PhOi9j/jfmBPu0mMEY4wIdAF8A==",
      "engines": {
        "node": ">= 0.6.0"
      }
    }
  },
  "dependencies": {
    "node-core-lib": {
      "version": "0.11.11",
      "resolved": "https://registry.npmjs.org/node-core-lib/-/node-core-lib-0.11.11.tgz",
      "integrity": "sha512-0qXLqCT7nyOdzylxKk9yKKlZyw+SCfJfAbviIrucOEnHmfQz4asBOB306alVEPAQSqgn65X1xlmr8Y8Po+1v7g=="
    },
    "process": {
      "version": "0.11.10",
      "resolved": "https://registry.npmjs.org/process/-/process-0.11.10.tgz",
      "integrity": "sha512-cdGef/drWFoydD1JsMzuFf8100nZl+GT+yacc2bEced5f9Rjk4z+WtFUTBu9PhOi9j/jfmBPu0mMEY4wIdAF8A=="
    }
  }
}
